
Microsoft Visual Studio Solution File, Format Version 12.00
# Visual Studio Version 16
VisualStudioVersion = 16.0.31205.134
MinimumVisualStudioVersion = 10.0.40219.1
Project("{9A19103F-16F7-4668-BE54-9A1E7A4F7556}") = "RETP.WebApp", "login.WebApp\RETP.WebApp.csproj", "{6E6636B7-776C-4FA7-9A49-8BD467CC7F7D}"
EndProject
Project("{9A19103F-16F7-4668-BE54-9A1E7A4F7556}") = "RETP.data", "login.data\RETP.data.csproj", "{33F77AE5-A5C8-4351-8BCF-2B64AFFEC167}"
EndProject
Project("{9A19103F-16F7-4668-BE54-9A1E7A4F7556}") = "RETP.app", "login.app\RETP.app.csproj", "{E957FB2D-447B-47FC-896C-00CDC0812324}"
EndProject
Project("{9A19103F-16F7-4668-BE54-9A1E7A4F7556}") = "RETP.ViewModels", "login.ViewModels\RETP.ViewModels.csproj", "{56A338C5-D1DB-4447-AA5F-9E3CD74034FE}"
EndProject
Project("{9A19103F-16F7-4668-BE54-9A1E7A4F7556}") = "RETP.API", "login.API\RETP.API.csproj", "{CCCCC4E2-0185-482C-AAFD-D5E17D45908B}"
EndProject
Project("{9A19103F-16F7-4668-BE54-9A1E7A4F7556}") = "RETP.Utilities", "login.Utilities\RETP.Utilities.csproj", "{56D54912-9111-4179-B324-572DE453A5EF}"
EndProject
Project("{FAE04EC0-301F-11D3-BF4B-00C04F79EFBC}") = "RETP.Admin", "RETP.Admin\RETP.Admin.csproj", "{568751CC-DB03-45D4-8514-FA4E73E0B49F}"
EndProject
Global
	GlobalSection(SolutionConfigurationPlatforms) = preSolution
		Debug|Any CPU = Debug|Any CPU
		Release|Any CPU = Release|Any CPU
	EndGlobalSection
	GlobalSection(ProjectConfigurationPlatforms) = postSolution
		{6E6636B7-776C-4FA7-9A49-8BD467CC7F7D}.Debug|Any CPU.ActiveCfg = Debug|Any CPU
		{6E6636B7-776C-4FA7-9A49-8BD467CC7F7D}.Debug|Any CPU.Build.0 = Debug|Any CPU
		{6E6636B7-776C-4FA7-9A49-8BD467CC7F7D}.Release|Any CPU.ActiveCfg = Release|Any CPU
		{6E6636B7-776C-4FA7-9A49-8BD467CC7F7D}.Release|Any CPU.Build.0 = Release|Any CPU
		{33F77AE5-A5C8-4351-8BCF-2B64AFFEC167}.Debug|Any CPU.ActiveCfg = Debug|Any CPU
		{33F77AE5-A5C8-4351-8BCF-2B64AFFEC167}.Debug|Any CPU.Build.0 = Debug|Any CPU
		{33F77AE5-A5C8-4351-8BCF-2B64AFFEC167}.Release|Any CPU.ActiveCfg = Release|Any CPU
		{33F77AE5-A5C8-4351-8BCF-2B64AFFEC167}.Release|Any CPU.Build.0 = Release|Any CPU
		{E957FB2D-447B-47FC-896C-00CDC0812324}.Debug|Any CPU.ActiveCfg = Debug|Any CPU
		{E957FB2D-447B-47FC-896C-00CDC0812324}.Debug|Any CPU.Build.0 = Debug|Any CPU
		{E957FB2D-447B-47FC-896C-00CDC0812324}.Release|Any CPU.ActiveCfg = Release|Any CPU
		{E957FB2D-447B-47FC-896C-00CDC0812324}.Release|Any CPU.Build.0 = Release|Any CPU
		{56A338C5-D1DB-4447-AA5F-9E3CD74034FE}.Debug|Any CPU.ActiveCfg = Debug|Any CPU
		{56A338C5-D1DB-4447-AA5F-9E3CD74034FE}.Debug|Any CPU.Build.0 = Debug|Any CPU
		{56A338C5-D1DB-4447-AA5F-9E3CD74034FE}.Release|Any CPU.ActiveCfg = Release|Any CPU
		{56A338C5-D1DB-4447-AA5F-9E3CD74034FE}.Release|Any CPU.Build.0 = Release|Any CPU
		{CCCCC4E2-0185-482C-AAFD-D5E17D45908B}.Debug|Any CPU.ActiveCfg = Debug|Any CPU
		{CCCCC4E2-0185-482C-AAFD-D5E17D45908B}.Debug|Any CPU.Build.0 = Debug|Any CPU
		{CCCCC4E2-0185-482C-AAFD-D5E17D45908B}.Release|Any CPU.ActiveCfg = Release|Any CPU
		{CCCCC4E2-0185-482C-AAFD-D5E17D45908B}.Release|Any CPU.Build.0 = Release|Any CPU
		{56D54912-9111-4179-B324-572DE453A5EF}.Debug|Any CPU.ActiveCfg = Debug|Any CPU
		{56D54912-9111-4179-B324-572DE453A5EF}.Debug|Any CPU.Build.0 = Debug|Any CPU
		{56D54912-9111-4179-B324-572DE453A5EF}.Release|Any CPU.ActiveCfg = Release|Any CPU
		{56D54912-9111-4179-B324-572DE453A5EF}.Release|Any CPU.Build.0 = Release|Any CPU
		{568751CC-DB03-45D4-8514-FA4E73E0B49F}.Debug|Any CPU.ActiveCfg = Debug|Any CPU
		{568751CC-DB03-45D4-8514-FA4E73E0B49F}.Debug|Any CPU.Build.0 = Debug|Any CPU
		{568751CC-DB03-45D4-8514-FA4E73E0B49F}.Release|Any CPU.ActiveCfg = Release|Any CPU
		{568751CC-DB03-45D4-8514-FA4E73E0B49F}.Release|Any CPU.Build.0 = Release|Any CPU
	EndGlobalSection
	GlobalSection(SolutionProperties) = preSolution
		HideSolutionNode = FALSE
	EndGlobalSection
	GlobalSection(ExtensibilityGlobals) = postSolution
		SolutionGuid = {E3DA5BA1-53D5-48EF-B589-4D9305FB5B81}
	EndGlobalSection
EndGlobal
